
Microsoft Visual Studio Solution File, Format Version 12.00
# Visual Studio Version 17
VisualStudioVersion = 17.8.34525.116
MinimumVisualStudioVersion = 10.0.40219.1
Project("{9A19103F-16F7-4668-BE54-9A1E7A4F7556}") = "Undine.Editor", "Undine.Editor\Undine.Editor.csproj", "{7DEE7AFF-D448-4609-9B72-821A02F990D1}"
EndProject
Project("{9A19103F-16F7-4668-BE54-9A1E7A4F7556}") = "Undine.Editor.MonogameWpf", "Undine.Editor.MonogameWpf\Undine.Editor.MonogameWpf.csproj", "{26957BC2-2546-4B39-91FD-B6FD2BD212F7}"
EndProject
Project("{9A19103F-16F7-4668-BE54-9A1E7A4F7556}") = "Undine.Editor.Avalonia", "Undine.Editor.Avalonia\Undine.Editor.Avalonia.csproj", "{36B2E6E7-2B55-4204-9EC6-A5C0E35C89A4}"
EndProject
Project("{9A19103F-16F7-4668-BE54-9A1E7A4F7556}") = "Undine.Editor.Avalonia.Desktop", "Undine.Editor.Avalonia.Desktop\Undine.Editor.Avalonia.Desktop.csproj", "{D9B11571-3B0E-4126-A482-9CE0DE45B8EA}"
EndProject
Project("{9A19103F-16F7-4668-BE54-9A1E7A4F7556}") = "MonoGame.DesktopGL", "MonoGame.DesktopGL\MonoGame.DesktopGL.csproj", "{3BA3CC62-2CFB-4EF6-BF5F-FBC869DE754C}"
EndProject
Project("{FAE04EC0-301F-11D3-BF4B-00C04F79EFBC}") = "Undine.Editor.Forms", "Undine.Editor.Forms\Undine.Editor.Forms.csproj", "{6B5CADC2-02DE-42AC-9C61-C8EA049E2AE8}"
EndProject
Global
	GlobalSection(SolutionConfigurationPlatforms) = preSolution
		Debug|Any CPU = Debug|Any CPU
		Release|Any CPU = Release|Any CPU
	EndGlobalSection
	GlobalSection(ProjectConfigurationPlatforms) = postSolution
		{7DEE7AFF-D448-4609-9B72-821A02F990D1}.Debug|Any CPU.ActiveCfg = Debug|Any CPU
		{7DEE7AFF-D448-4609-9B72-821A02F990D1}.Debug|Any CPU.Build.0 = Debug|Any CPU
		{7DEE7AFF-D448-4609-9B72-821A02F990D1}.Release|Any CPU.ActiveCfg = Release|Any CPU
		{7DEE7AFF-D448-4609-9B72-821A02F990D1}.Release|Any CPU.Build.0 = Release|Any CPU
		{26957BC2-2546-4B39-91FD-B6FD2BD212F7}.Debug|Any CPU.ActiveCfg = Debug|Any CPU
		{26957BC2-2546-4B39-91FD-B6FD2BD212F7}.Debug|Any CPU.Build.0 = Debug|Any CPU
		{26957BC2-2546-4B39-91FD-B6FD2BD212F7}.Release|Any CPU.ActiveCfg = Release|Any CPU
		{26957BC2-2546-4B39-91FD-B6FD2BD212F7}.Release|Any CPU.Build.0 = Release|Any CPU
		{36B2E6E7-2B55-4204-9EC6-A5C0E35C89A4}.Debug|Any CPU.ActiveCfg = Debug|Any CPU
		{36B2E6E7-2B55-4204-9EC6-A5C0E35C89A4}.Debug|Any CPU.Build.0 = Debug|Any CPU
		{36B2E6E7-2B55-4204-9EC6-A5C0E35C89A4}.Release|Any CPU.ActiveCfg = Release|Any CPU
		{36B2E6E7-2B55-4204-9EC6-A5C0E35C89A4}.Release|Any CPU.Build.0 = Release|Any CPU
		{D9B11571-3B0E-4126-A482-9CE0DE45B8EA}.Debug|Any CPU.ActiveCfg = Debug|Any CPU
		{D9B11571-3B0E-4126-A482-9CE0DE45B8EA}.Debug|Any CPU.Build.0 = Debug|Any CPU
		{D9B11571-3B0E-4126-A482-9CE0DE45B8EA}.Release|Any CPU.ActiveCfg = Release|Any CPU
		{D9B11571-3B0E-4126-A482-9CE0DE45B8EA}.Release|Any CPU.Build.0 = Release|Any CPU
		{3BA3CC62-2CFB-4EF6-BF5F-FBC869DE754C}.Debug|Any CPU.ActiveCfg = Debug|Any CPU
		{3BA3CC62-2CFB-4EF6-BF5F-FBC869DE754C}.Debug|Any CPU.Build.0 = Debug|Any CPU
		{3BA3CC62-2CFB-4EF6-BF5F-FBC869DE754C}.Release|Any CPU.ActiveCfg = Release|Any CPU
		{3BA3CC62-2CFB-4EF6-BF5F-FBC869DE754C}.Release|Any CPU.Build.0 = Release|Any CPU
		{6B5CADC2-02DE-42AC-9C61-C8EA049E2AE8}.Debug|Any CPU.ActiveCfg = Debug|Any CPU
		{6B5CADC2-02DE-42AC-9C61-C8EA049E2AE8}.Debug|Any CPU.Build.0 = Debug|Any CPU
		{6B5CADC2-02DE-42AC-9C61-C8EA049E2AE8}.Release|Any CPU.ActiveCfg = Release|Any CPU
		{6B5CADC2-02DE-42AC-9C61-C8EA049E2AE8}.Release|Any CPU.Build.0 = Release|Any CPU
	EndGlobalSection
	GlobalSection(SolutionProperties) = preSolution
		HideSolutionNode = FALSE
	EndGlobalSection
	GlobalSection(ExtensibilityGlobals) = postSolution
		SolutionGuid = {701BFED4-2F75-4268-8221-CDC89898DF39}
	EndGlobalSection
EndGlobal
