
Microsoft Visual Studio Solution File, Format Version 12.00
# Visual Studio Version 17
VisualStudioVersion = 17.8.34525.116
MinimumVisualStudioVersion = 10.0.40219.1
Project("{9A19103F-16F7-4668-BE54-9A1E7A4F7556}") = "Undine.Editor", "Undine.Editor\Undine.Editor.csproj", "{7DEE7AFF-D448-4609-9B72-821A02F990D1}"
EndProject
Project("{9A19103F-16F7-4668-BE54-9A1E7A4F7556}") = "Undine.Editor.MonogameWpf", "Undine.Editor.MonogameWpf\Undine.Editor.MonogameWpf.csproj", "{26957BC2-2546-4B39-91FD-B6FD2BD212F7}"
EndProject
Global
	GlobalSection(SolutionConfigurationPlatforms) = preSolution
		Debug|Any CPU = Debug|Any CPU
		Release|Any CPU = Release|Any CPU
	EndGlobalSection
	GlobalSection(ProjectConfigurationPlatforms) = postSolution
		{7DEE7AFF-D448-4609-9B72-821A02F990D1}.Debug|Any CPU.ActiveCfg = Debug|Any CPU
		{7DEE7AFF-D448-4609-9B72-821A02F990D1}.Debug|Any CPU.Build.0 = Debug|Any CPU
		{7DEE7AFF-D448-4609-9B72-821A02F990D1}.Release|Any CPU.ActiveCfg = Release|Any CPU
		{7DEE7AFF-D448-4609-9B72-821A02F990D1}.Release|Any CPU.Build.0 = Release|Any CPU
		{26957BC2-2546-4B39-91FD-B6FD2BD212F7}.Debug|Any CPU.ActiveCfg = Debug|Any CPU
		{26957BC2-2546-4B39-91FD-B6FD2BD212F7}.Debug|Any CPU.Build.0 = Debug|Any CPU
		{26957BC2-2546-4B39-91FD-B6FD2BD212F7}.Release|Any CPU.ActiveCfg = Release|Any CPU
		{26957BC2-2546-4B39-91FD-B6FD2BD212F7}.Release|Any CPU.Build.0 = Release|Any CPU
	EndGlobalSection
	GlobalSection(SolutionProperties) = preSolution
		HideSolutionNode = FALSE
	EndGlobalSection
	GlobalSection(ExtensibilityGlobals) = postSolution
		SolutionGuid = {701BFED4-2F75-4268-8221-CDC89898DF39}
	EndGlobalSection
EndGlobal
